
Microsoft Visual Studio Solution File, Format Version 12.00
# Visual Studio Version 16
VisualStudioVersion = 16.0.29920.165
MinimumVisualStudioVersion = 10.0.40219.1
Project("{FAE04EC0-301F-11D3-BF4B-00C04F79EFBC}") = "BugTracker", "BugTracker\BugTracker.csproj", "{E2078898-174B-43DF-8EB1-5C9A47FEE4D1}"
EndProject
Global
	GlobalSection(SolutionConfigurationPlatforms) = preSolution
		Debug|Any CPU = Debug|Any CPU
		Release|Any CPU = Release|Any CPU
	EndGlobalSection
	GlobalSection(ProjectConfigurationPlatforms) = postSolution
		{E2078898-174B-43DF-8EB1-5C9A47FEE4D1}.Debug|Any CPU.ActiveCfg = Debug|Any CPU
		{E2078898-174B-43DF-8EB1-5C9A47FEE4D1}.Debug|Any CPU.Build.0 = Debug|Any CPU
		{E2078898-174B-43DF-8EB1-5C9A47FEE4D1}.Release|Any CPU.ActiveCfg = Release|Any CPU
		{E2078898-174B-43DF-8EB1-5C9A47FEE4D1}.Release|Any CPU.Build.0 = Release|Any CPU
	EndGlobalSection
	GlobalSection(SolutionProperties) = preSolution
		HideSolutionNode = FALSE
	EndGlobalSection
	GlobalSection(ExtensibilityGlobals) = postSolution
		SolutionGuid = {B2C6FB78-5EBC-4993-9884-1525F8920CBE}
	EndGlobalSection
EndGlobal
